
Microsoft Visual Studio Solution File, Format Version 12.00
# Visual Studio 15
VisualStudioVersion = 15.0.26730.16
MinimumVisualStudioVersion = 10.0.40219.1
Project("{FAE04EC0-301F-11D3-BF4B-00C04F79EFBC}") = "_3DTransform", "_3DTransform\_3DTransform.csproj", "{7C50CED0-F97F-4359-8695-5A2B6768D1E4}"
EndProject
Global
	GlobalSection(SolutionConfigurationPlatforms) = preSolution
		Debug|Any CPU = Debug|Any CPU
		Release|Any CPU = Release|Any CPU
	EndGlobalSection
	GlobalSection(ProjectConfigurationPlatforms) = postSolution
		{7C50CED0-F97F-4359-8695-5A2B6768D1E4}.Debug|Any CPU.ActiveCfg = Debug|Any CPU
		{7C50CED0-F97F-4359-8695-5A2B6768D1E4}.Debug|Any CPU.Build.0 = Debug|Any CPU
		{7C50CED0-F97F-4359-8695-5A2B6768D1E4}.Release|Any CPU.ActiveCfg = Release|Any CPU
		{7C50CED0-F97F-4359-8695-5A2B6768D1E4}.Release|Any CPU.Build.0 = Release|Any CPU
	EndGlobalSection
	GlobalSection(SolutionProperties) = preSolution
		HideSolutionNode = FALSE
	EndGlobalSection
	GlobalSection(ExtensibilityGlobals) = postSolution
		SolutionGuid = {DF21B4A2-2191-43D8-AD0F-BEBE0DAB2C7D}
	EndGlobalSection
EndGlobal
